
Microsoft Visual Studio Solution File, Format Version 12.00
# Visual Studio Version 17
VisualStudioVersion = 17.6.33723.286
MinimumVisualStudioVersion = 10.0.40219.1
Project("{9A19103F-16F7-4668-BE54-9A1E7A4F7556}") = "myAPI", "myAPI\myAPI.csproj", "{3C0E655C-5F3D-476D-AE7C-FECD1D44F739}"
EndProject
Project("{E53339B2-1760-4266-BCC7-CA923CBCF16C}") = "docker-compose", "docker-compose.dcproj", "{F6702A52-69D8-46FD-BCC9-944E794DF30F}"
EndProject
Project("{FAE04EC0-301F-11D3-BF4B-00C04F79EFBC}") = "WebApplication1", "WebApplication1\WebApplication1.csproj", "{BC401335-60A1-4515-A6B1-58D90EDF8C31}"
EndProject
Global
	GlobalSection(SolutionConfigurationPlatforms) = preSolution
		Debug|Any CPU = Debug|Any CPU
		Release|Any CPU = Release|Any CPU
	EndGlobalSection
	GlobalSection(ProjectConfigurationPlatforms) = postSolution
		{3C0E655C-5F3D-476D-AE7C-FECD1D44F739}.Debug|Any CPU.ActiveCfg = Debug|Any CPU
		{3C0E655C-5F3D-476D-AE7C-FECD1D44F739}.Debug|Any CPU.Build.0 = Debug|Any CPU
		{3C0E655C-5F3D-476D-AE7C-FECD1D44F739}.Release|Any CPU.ActiveCfg = Release|Any CPU
		{3C0E655C-5F3D-476D-AE7C-FECD1D44F739}.Release|Any CPU.Build.0 = Release|Any CPU
		{F6702A52-69D8-46FD-BCC9-944E794DF30F}.Debug|Any CPU.ActiveCfg = Debug|Any CPU
		{F6702A52-69D8-46FD-BCC9-944E794DF30F}.Debug|Any CPU.Build.0 = Debug|Any CPU
		{F6702A52-69D8-46FD-BCC9-944E794DF30F}.Release|Any CPU.ActiveCfg = Release|Any CPU
		{F6702A52-69D8-46FD-BCC9-944E794DF30F}.Release|Any CPU.Build.0 = Release|Any CPU
		{BC401335-60A1-4515-A6B1-58D90EDF8C31}.Debug|Any CPU.ActiveCfg = Debug|Any CPU
		{BC401335-60A1-4515-A6B1-58D90EDF8C31}.Debug|Any CPU.Build.0 = Debug|Any CPU
		{BC401335-60A1-4515-A6B1-58D90EDF8C31}.Release|Any CPU.ActiveCfg = Release|Any CPU
		{BC401335-60A1-4515-A6B1-58D90EDF8C31}.Release|Any CPU.Build.0 = Release|Any CPU
	EndGlobalSection
	GlobalSection(SolutionProperties) = preSolution
		HideSolutionNode = FALSE
	EndGlobalSection
	GlobalSection(ExtensibilityGlobals) = postSolution
		SolutionGuid = {C591A2AA-AB75-429A-B536-02BB87CDE38A}
	EndGlobalSection
EndGlobal
